# Generated by pub
# See https://dart.dev/tools/pub/glossary#lockfile
packages:
  collection:
    dependency: transitive
    description:
      name: collection
      sha256: "2f5709ae4d3d59dd8f7cd309b4e023046b57d8a6c82130785d2b0e5868084e76"
      url: "https://pub.dev"
    source: hosted
    version: "1.19.1"
  crypto:
    dependency: "direct main"
    description:
      name: crypto
      sha256: "1e445881f28f22d6140f181e07737b22f1e099a5e1ff94b0af2f9e4a463f4855"
      url: "https://pub.dev"
    source: hosted
    version: "3.0.6"
  ffi:
    dependency: transitive
    description:
      name: ffi
      sha256: "289279317b4b16eb2bb7e271abccd4bf84ec9bdcbe999e278a94b804f5630418"
      url: "https://pub.dev"
    source: hosted
    version: "2.1.4"
  fixnum:
    dependency: transitive
    description:
      name: fixnum
      sha256: b6dc7065e46c974bc7c5f143080a6764ec7a4be6da1285ececdc37be96de53be
      url: "https://pub.dev"
    source: hosted
    version: "1.1.1"
  js:
    dependency: transitive
    description:
      name: js
      sha256: f2c445dce49627136094980615a031419f7f3eb393237e4ecd97ac15dea343f3
      url: "https://pub.dev"
    source: hosted
    version: "0.6.7"
  meta:
    dependency: transitive
    description:
      name: meta
      sha256: "23f08335362185a5ea2ad3a4e597f1375e78bce8a040df5c600c8d3552ef2394"
      url: "https://pub.dev"
    source: hosted
    version: "1.17.0"
  path:
    dependency: transitive
    description:
      name: path
      sha256: "75cca69d1490965be98c73ceaea117e8a04dd21217b37b292c9ddbec0d955bc5"
      url: "https://pub.dev"
    source: hosted
    version: "1.9.1"
  sprintf:
    dependency: transitive
    description:
      name: sprintf
      sha256: "1fc9ffe69d4df602376b52949af107d8f5703b77cda567c4d7d86a0693120f23"
      url: "https://pub.dev"
    source: hosted
    version: "7.0.0"
  sqlite3:
    dependency: "direct main"
    description:
      name: sqlite3
      sha256: "281b672749af2edf259fc801f0fcba092257425bcd32a0ce1c8237130bc934c7"
      url: "https://pub.dev"
    source: hosted
    version: "1.11.2"
  typed_data:
    dependency: transitive
    description:
      name: typed_data
      sha256: f9049c039ebfeb4cf7a7104a675823cd72dba8297f264b6637062516699fa006
      url: "https://pub.dev"
    source: hosted
    version: "1.4.0"
  uuid:
    dependency: "direct main"
    description:
      name: uuid
      sha256: a5be9ef6618a7ac1e964353ef476418026db906c4facdedaa299b7a2e71690ff
      url: "https://pub.dev"
    source: hosted
    version: "4.5.1"
sdks:
  dart: ">=3.7.0 <4.0.0"
